// !$*UTF8*$!
{
	archiveVersion = 1;
	classes = {
	};
	objectVersion = 60;
	objects = {

/* Begin PBXBuildFile section */
		3E5873872AF73AC4003C976A /* PhonicsApp.swift in Sources */ = {isa = PBXBuildFile; fileRef = 3E5873862AF73AC4003C976A /* PhonicsApp.swift */; };
		3E58738B2AF73AC6003C976A /* Assets.xcassets in Resources */ = {isa = PBXBuildFile; fileRef = 3E58738A2AF73AC6003C976A /* Assets.xcassets */; };
		3E5873992AF73AC6003C976A /* PhonicsTests.swift in Sources */ = {isa = PBXBuildFile; fileRef = 3E5873982AF73AC6003C976A /* PhonicsTests.swift */; };
		3EE4A5192AF7E021002E4BF3 /* PhonicsClassifier.mlpackage in Sources */ = {isa = PBXBuildFile; fileRef = 3EE4A5182AF7E021002E4BF3 /* PhonicsClassifier.mlpackage */; };
		3EE4A51B2AF7F179002E4BF3 /* PredictAlbums.swift in Sources */ = {isa = PBXBuildFile; fileRef = 3EE4A51A2AF7F179002E4BF3 /* PredictAlbums.swift */; };
		3EE4A5282AF91910002E4BF3 /* ContentView.swift in Sources */ = {isa = PBXBuildFile; fileRef = 3EE4A5272AF91910002E4BF3 /* ContentView.swift */; };
		3EE4A52C2AF94108002E4BF3 /* coreml-Ojimi-anime-kawai-diffusion-cpu-ne-6bit in Resources */ = {isa = PBXBuildFile; fileRef = 3EE4A52B2AF94108002E4BF3 /* coreml-Ojimi-anime-kawai-diffusion-cpu-ne-6bit */; };
		3EE4A5652AF942BA002E4BF3 /* Diffuse.swift in Sources */ = {isa = PBXBuildFile; fileRef = 3EE4A5642AF942BA002E4BF3 /* Diffuse.swift */; };
		3EE4A5682AF94300002E4BF3 /* StableDiffusion in Frameworks */ = {isa = PBXBuildFile; productRef = 3EE4A5672AF94300002E4BF3 /* StableDiffusion */; };
/* End PBXBuildFile section */

/* Begin PBXContainerItemProxy section */
		3E5873952AF73AC6003C976A /* PBXContainerItemProxy */ = {
			isa = PBXContainerItemProxy;
			containerPortal = 3E58737B2AF73AC4003C976A /* Project object */;
			proxyType = 1;
			remoteGlobalIDString = 3E5873822AF73AC4003C976A;
			remoteInfo = Phonics;
		};
/* End PBXContainerItemProxy section */

/* Begin PBXFileReference section */
		3E53D45F2AFB8F8D00400287 /* TestPlan.xctestplan */ = {isa = PBXFileReference; lastKnownFileType = text; path = TestPlan.xctestplan; sourceTree = "<group>"; };
		3E5873832AF73AC4003C976A /* Phonics.app */ = {isa = PBXFileReference; explicitFileType = wrapper.application; includeInIndex = 0; path = Phonics.app; sourceTree = BUILT_PRODUCTS_DIR; };
		3E5873862AF73AC4003C976A /* PhonicsApp.swift */ = {isa = PBXFileReference; lastKnownFileType = sourcecode.swift; path = PhonicsApp.swift; sourceTree = "<group>"; };
		3E58738A2AF73AC6003C976A /* Assets.xcassets */ = {isa = PBXFileReference; lastKnownFileType = folder.assetcatalog; path = Assets.xcassets; sourceTree = "<group>"; };
		3E58738C2AF73AC6003C976A /* Phonics.entitlements */ = {isa = PBXFileReference; lastKnownFileType = text.plist.entitlements; path = Phonics.entitlements; sourceTree = "<group>"; };
		3E5873942AF73AC6003C976A /* PhonicsTests.xctest */ = {isa = PBXFileReference; explicitFileType = wrapper.cfbundle; includeInIndex = 0; path = PhonicsTests.xctest; sourceTree = BUILT_PRODUCTS_DIR; };
		3E5873982AF73AC6003C976A /* PhonicsTests.swift */ = {isa = PBXFileReference; lastKnownFileType = sourcecode.swift; path = PhonicsTests.swift; sourceTree = "<group>"; };
		3EE4A5182AF7E021002E4BF3 /* PhonicsClassifier.mlpackage */ = {isa = PBXFileReference; lastKnownFileType = folder.mlpackage; name = PhonicsClassifier.mlpackage; path = Phonics/Models/PhonicsClassifier.mlpackage; sourceTree = SOURCE_ROOT; };
		3EE4A51A2AF7F179002E4BF3 /* PredictAlbums.swift */ = {isa = PBXFileReference; lastKnownFileType = sourcecode.swift; path = PredictAlbums.swift; sourceTree = "<group>"; };
		3EE4A5272AF91910002E4BF3 /* ContentView.swift */ = {isa = PBXFileReference; lastKnownFileType = sourcecode.swift; path = ContentView.swift; sourceTree = "<group>"; };
		3EE4A52B2AF94108002E4BF3 /* coreml-Ojimi-anime-kawai-diffusion-cpu-ne-6bit */ = {isa = PBXFileReference; lastKnownFileType = folder; path = "coreml-Ojimi-anime-kawai-diffusion-cpu-ne-6bit"; sourceTree = "<group>"; };
		3EE4A5642AF942BA002E4BF3 /* Diffuse.swift */ = {isa = PBXFileReference; lastKnownFileType = sourcecode.swift; path = Diffuse.swift; sourceTree = "<group>"; };
/* End PBXFileReference section */

/* Begin PBXFrameworksBuildPhase section */
		3E5873802AF73AC4003C976A /* Frameworks */ = {
			isa = PBXFrameworksBuildPhase;
			buildActionMask = 2147483647;
			files = (
				3EE4A5682AF94300002E4BF3 /* StableDiffusion in Frameworks */,
			);
			runOnlyForDeploymentPostprocessing = 0;
		};
		3E5873912AF73AC6003C976A /* Frameworks */ = {
			isa = PBXFrameworksBuildPhase;
			buildActionMask = 2147483647;
			files = (
			);
			runOnlyForDeploymentPostprocessing = 0;
		};
/* End PBXFrameworksBuildPhase section */

/* Begin PBXGroup section */
		3E58737A2AF73AC4003C976A = {
			isa = PBXGroup;
			children = (
				3E5873852AF73AC4003C976A /* Phonics */,
				3E5873972AF73AC6003C976A /* PhonicsTests */,
				3E5873842AF73AC4003C976A /* Products */,
			);
			sourceTree = "<group>";
		};
		3E5873842AF73AC4003C976A /* Products */ = {
			isa = PBXGroup;
			children = (
				3E5873832AF73AC4003C976A /* Phonics.app */,
				3E5873942AF73AC6003C976A /* PhonicsTests.xctest */,
			);
			name = Products;
			sourceTree = "<group>";
		};
		3E5873852AF73AC4003C976A /* Phonics */ = {
			isa = PBXGroup;
			children = (
				3E58738A2AF73AC6003C976A /* Assets.xcassets */,
				3EE4A5252AF917FD002E4BF3 /* Intents */,
				3EE4A5292AF91B49002E4BF3 /* Models */,
				3E58738C2AF73AC6003C976A /* Phonics.entitlements */,
				3E5873862AF73AC4003C976A /* PhonicsApp.swift */,
				3EE4A5262AF918FF002E4BF3 /* Views */,
			);
			path = Phonics;
			sourceTree = "<group>";
		};
		3E5873972AF73AC6003C976A /* PhonicsTests */ = {
			isa = PBXGroup;
			children = (
				3E53D45F2AFB8F8D00400287 /* TestPlan.xctestplan */,
				3E5873982AF73AC6003C976A /* PhonicsTests.swift */,
			);
			path = PhonicsTests;
			sourceTree = "<group>";
		};
		3EE4A5252AF917FD002E4BF3 /* Intents */ = {
			isa = PBXGroup;
			children = (
				3EE4A51A2AF7F179002E4BF3 /* PredictAlbums.swift */,
				3EE4A5642AF942BA002E4BF3 /* Diffuse.swift */,
			);
			path = Intents;
			sourceTree = "<group>";
		};
		3EE4A5262AF918FF002E4BF3 /* Views */ = {
			isa = PBXGroup;
			children = (
				3EE4A5272AF91910002E4BF3 /* ContentView.swift */,
			);
			path = Views;
			sourceTree = "<group>";
		};
		3EE4A5292AF91B49002E4BF3 /* Models */ = {
			isa = PBXGroup;
			children = (
				3EE4A52B2AF94108002E4BF3 /* coreml-Ojimi-anime-kawai-diffusion-cpu-ne-6bit */,
				3EE4A5182AF7E021002E4BF3 /* PhonicsClassifier.mlpackage */,
			);
			path = Models;
			sourceTree = "<group>";
		};
/* End PBXGroup section */

/* Begin PBXNativeTarget section */
		3E5873822AF73AC4003C976A /* Phonics */ = {
			isa = PBXNativeTarget;
			buildConfigurationList = 3E5873A82AF73AC6003C976A /* Build configuration list for PBXNativeTarget "Phonics" */;
			buildPhases = (
				3E58737F2AF73AC4003C976A /* Sources */,
				3E5873802AF73AC4003C976A /* Frameworks */,
				3E5873812AF73AC4003C976A /* Resources */,
			);
			buildRules = (
			);
			dependencies = (
			);
			name = Phonics;
			packageProductDependencies = (
				3EE4A5672AF94300002E4BF3 /* StableDiffusion */,
			);
			productName = Phonics;
			productReference = 3E5873832AF73AC4003C976A /* Phonics.app */;
			productType = "com.apple.product-type.application";
		};
		3E5873932AF73AC6003C976A /* PhonicsTests */ = {
			isa = PBXNativeTarget;
			buildConfigurationList = 3E5873AB2AF73AC6003C976A /* Build configuration list for PBXNativeTarget "PhonicsTests" */;
			buildPhases = (
				3E5873902AF73AC6003C976A /* Sources */,
				3E5873912AF73AC6003C976A /* Frameworks */,
				3E5873922AF73AC6003C976A /* Resources */,
			);
			buildRules = (
			);
			dependencies = (
				3E5873962AF73AC6003C976A /* PBXTargetDependency */,
			);
			name = PhonicsTests;
			productName = PhonicsTests;
			productReference = 3E5873942AF73AC6003C976A /* PhonicsTests.xctest */;
			productType = "com.apple.product-type.bundle.unit-test";
		};
/* End PBXNativeTarget section */

/* Begin PBXProject section */
		3E58737B2AF73AC4003C976A /* Project object */ = {
			isa = PBXProject;
			attributes = {
				BuildIndependentTargetsInParallel = 1;
				LastSwiftUpdateCheck = 1500;
				LastUpgradeCheck = 1500;
				TargetAttributes = {
					3E5873822AF73AC4003C976A = {
						CreatedOnToolsVersion = 15.0.1;
					};
					3E5873932AF73AC6003C976A = {
						CreatedOnToolsVersion = 15.0.1;
						TestTargetID = 3E5873822AF73AC4003C976A;
					};
				};
			};
			buildConfigurationList = 3E58737E2AF73AC4003C976A /* Build configuration list for PBXProject "Phonics" */;
			compatibilityVersion = "Xcode 14.0";
			developmentRegion = en;
			hasScannedForEncodings = 0;
			knownRegions = (
				en,
				Base,
			);
			mainGroup = 3E58737A2AF73AC4003C976A;
			packageReferences = (
				3EE4A5662AF94300002E4BF3 /* XCLocalSwiftPackageReference "../../Examples/ml-stable-diffusion" */,
			);
			productRefGroup = 3E5873842AF73AC4003C976A /* Products */;
			projectDirPath = "";
			projectRoot = "";
			targets = (
				3E5873822AF73AC4003C976A /* Phonics */,
				3E5873932AF73AC6003C976A /* PhonicsTests */,
			);
		};
/* End PBXProject section */

/* Begin PBXResourcesBuildPhase section */
		3E5873812AF73AC4003C976A /* Resources */ = {
			isa = PBXResourcesBuildPhase;
			buildActionMask = 2147483647;
			files = (
				3E58738B2AF73AC6003C976A /* Assets.xcassets in Resources */,
				3EE4A52C2AF94108002E4BF3 /* coreml-Ojimi-anime-kawai-diffusion-cpu-ne-6bit in Resources */,
			);
			runOnlyForDeploymentPostprocessing = 0;
		};
		3E5873922AF73AC6003C976A /* Resources */ = {
			isa = PBXResourcesBuildPhase;
			buildActionMask = 2147483647;
			files = (
			);
			runOnlyForDeploymentPostprocessing = 0;
		};
/* End PBXResourcesBuildPhase section */

/* Begin PBXSourcesBuildPhase section */
		3E58737F2AF73AC4003C976A /* Sources */ = {
			isa = PBXSourcesBuildPhase;
			buildActionMask = 2147483647;
			files = (
				3EE4A5192AF7E021002E4BF3 /* PhonicsClassifier.mlpackage in Sources */,
				3E5873872AF73AC4003C976A /* PhonicsApp.swift in Sources */,
				3EE4A5282AF91910002E4BF3 /* ContentView.swift in Sources */,
				3EE4A51B2AF7F179002E4BF3 /* PredictAlbums.swift in Sources */,
				3EE4A5652AF942BA002E4BF3 /* Diffuse.swift in Sources */,
			);
			runOnlyForDeploymentPostprocessing = 0;
		};
		3E5873902AF73AC6003C976A /* Sources */ = {
			isa = PBXSourcesBuildPhase;
			buildActionMask = 2147483647;
			files = (
				3E5873992AF73AC6003C976A /* PhonicsTests.swift in Sources */,
			);
			runOnlyForDeploymentPostprocessing = 0;
		};
/* End PBXSourcesBuildPhase section */

/* Begin PBXTargetDependency section */
		3E5873962AF73AC6003C976A /* PBXTargetDependency */ = {
			isa = PBXTargetDependency;
			target = 3E5873822AF73AC4003C976A /* Phonics */;
			targetProxy = 3E5873952AF73AC6003C976A /* PBXContainerItemProxy */;
		};
/* End PBXTargetDependency section */

/* Begin XCBuildConfiguration section */
		3E5873A62AF73AC6003C976A /* Debug */ = {
			isa = XCBuildConfiguration;
			buildSettings = {
				ALWAYS_SEARCH_USER_PATHS = NO;
				ASSETCATALOG_COMPILER_GENERATE_SWIFT_ASSET_SYMBOL_EXTENSIONS = YES;
				CLANG_ANALYZER_NONNULL = YES;
				CLANG_ANALYZER_NUMBER_OBJECT_CONVERSION = YES_AGGRESSIVE;
				CLANG_CXX_LANGUAGE_STANDARD = "gnu++20";
				CLANG_ENABLE_MODULES = YES;
				CLANG_ENABLE_OBJC_ARC = YES;
				CLANG_ENABLE_OBJC_WEAK = YES;
				CLANG_WARN_BLOCK_CAPTURE_AUTORELEASING = YES;
				CLANG_WARN_BOOL_CONVERSION = YES;
				CLANG_WARN_COMMA = YES;
				CLANG_WARN_CONSTANT_CONVERSION = YES;
				CLANG_WARN_DEPRECATED_OBJC_IMPLEMENTATIONS = YES;
				CLANG_WARN_DIRECT_OBJC_ISA_USAGE = YES_ERROR;
				CLANG_WARN_DOCUMENTATION_COMMENTS = YES;
				CLANG_WARN_EMPTY_BODY = YES;
				CLANG_WARN_ENUM_CONVERSION = YES;
				CLANG_WARN_INFINITE_RECURSION = YES;
				CLANG_WARN_INT_CONVERSION = YES;
				CLANG_WARN_NON_LITERAL_NULL_CONVERSION = YES;
				CLANG_WARN_OBJC_IMPLICIT_RETAIN_SELF = YES;
				CLANG_WARN_OBJC_LITERAL_CONVERSION = YES;
				CLANG_WARN_OBJC_ROOT_CLASS = YES_ERROR;
				CLANG_WARN_QUOTED_INCLUDE_IN_FRAMEWORK_HEADER = YES;
				CLANG_WARN_RANGE_LOOP_ANALYSIS = YES;
				CLANG_WARN_STRICT_PROTOTYPES = YES;
				CLANG_WARN_SUSPICIOUS_MOVE = YES;
				CLANG_WARN_UNGUARDED_AVAILABILITY = YES_AGGRESSIVE;
				CLANG_WARN_UNREACHABLE_CODE = YES;
				CLANG_WARN__DUPLICATE_METHOD_MATCH = YES;
				COPY_PHASE_STRIP = NO;
				DEBUG_INFORMATION_FORMAT = dwarf;
				ENABLE_STRICT_OBJC_MSGSEND = YES;
				ENABLE_TESTABILITY = YES;
				ENABLE_USER_SCRIPT_SANDBOXING = YES;
				GCC_C_LANGUAGE_STANDARD = gnu17;
				GCC_DYNAMIC_NO_PIC = NO;
				GCC_NO_COMMON_BLOCKS = YES;
				GCC_OPTIMIZATION_LEVEL = 0;
				GCC_PREPROCESSOR_DEFINITIONS = (
					"DEBUG=1",
					"$(inherited)",
				);
				GCC_WARN_64_TO_32_BIT_CONVERSION = YES;
				GCC_WARN_ABOUT_RETURN_TYPE = YES_ERROR;
				GCC_WARN_UNDECLARED_SELECTOR = YES;
				GCC_WARN_UNINITIALIZED_AUTOS = YES_AGGRESSIVE;
				GCC_WARN_UNUSED_FUNCTION = YES;
				GCC_WARN_UNUSED_VARIABLE = YES;
				LOCALIZATION_PREFERS_STRING_CATALOGS = YES;
				MTL_ENABLE_DEBUG_INFO = INCLUDE_SOURCE;
				MTL_FAST_MATH = YES;
				ONLY_ACTIVE_ARCH = YES;
				SWIFT_ACTIVE_COMPILATION_CONDITIONS = "DEBUG $(inherited)";
				SWIFT_OPTIMIZATION_LEVEL = "-Onone";
			};
			name = Debug;
		};
		3E5873A72AF73AC6003C976A /* Release */ = {
			isa = XCBuildConfiguration;
			buildSettings = {
				ALWAYS_SEARCH_USER_PATHS = NO;
				ASSETCATALOG_COMPILER_GENERATE_SWIFT_ASSET_SYMBOL_EXTENSIONS = YES;
				CLANG_ANALYZER_NONNULL = YES;
				CLANG_ANALYZER_NUMBER_OBJECT_CONVERSION = YES_AGGRESSIVE;
				CLANG_CXX_LANGUAGE_STANDARD = "gnu++20";
				CLANG_ENABLE_MODULES = YES;
				CLANG_ENABLE_OBJC_ARC = YES;
				CLANG_ENABLE_OBJC_WEAK = YES;
				CLANG_WARN_BLOCK_CAPTURE_AUTORELEASING = YES;
				CLANG_WARN_BOOL_CONVERSION = YES;
				CLANG_WARN_COMMA = YES;
				CLANG_WARN_CONSTANT_CONVERSION = YES;
				CLANG_WARN_DEPRECATED_OBJC_IMPLEMENTATIONS = YES;
				CLANG_WARN_DIRECT_OBJC_ISA_USAGE = YES_ERROR;
				CLANG_WARN_DOCUMENTATION_COMMENTS = YES;
				CLANG_WARN_EMPTY_BODY = YES;
				CLANG_WARN_ENUM_CONVERSION = YES;
				CLANG_WARN_INFINITE_RECURSION = YES;
				CLANG_WARN_INT_CONVERSION = YES;
				CLANG_WARN_NON_LITERAL_NULL_CONVERSION = YES;
				CLANG_WARN_OBJC_IMPLICIT_RETAIN_SELF = YES;
				CLANG_WARN_OBJC_LITERAL_CONVERSION = YES;
				CLANG_WARN_OBJC_ROOT_CLASS = YES_ERROR;
				CLANG_WARN_QUOTED_INCLUDE_IN_FRAMEWORK_HEADER = YES;
				CLANG_WARN_RANGE_LOOP_ANALYSIS = YES;
				CLANG_WARN_STRICT_PROTOTYPES = YES;
				CLANG_WARN_SUSPICIOUS_MOVE = YES;
				CLANG_WARN_UNGUARDED_AVAILABILITY = YES_AGGRESSIVE;
				CLANG_WARN_UNREACHABLE_CODE = YES;
				CLANG_WARN__DUPLICATE_METHOD_MATCH = YES;
				COPY_PHASE_STRIP = NO;
				DEBUG_INFORMATION_FORMAT = "dwarf-with-dsym";
				ENABLE_NS_ASSERTIONS = NO;
				ENABLE_STRICT_OBJC_MSGSEND = YES;
				ENABLE_USER_SCRIPT_SANDBOXING = YES;
				GCC_C_LANGUAGE_STANDARD = gnu17;
				GCC_NO_COMMON_BLOCKS = YES;
				GCC_WARN_64_TO_32_BIT_CONVERSION = YES;
				GCC_WARN_ABOUT_RETURN_TYPE = YES_ERROR;
				GCC_WARN_UNDECLARED_SELECTOR = YES;
				GCC_WARN_UNINITIALIZED_AUTOS = YES_AGGRESSIVE;
				GCC_WARN_UNUSED_FUNCTION = YES;
				GCC_WARN_UNUSED_VARIABLE = YES;
				LOCALIZATION_PREFERS_STRING_CATALOGS = YES;
				MTL_ENABLE_DEBUG_INFO = NO;
				MTL_FAST_MATH = YES;
				SWIFT_COMPILATION_MODE = wholemodule;
			};
			name = Release;
		};
		3E5873A92AF73AC6003C976A /* Debug */ = {
			isa = XCBuildConfiguration;
			buildSettings = {
				ASSETCATALOG_COMPILER_APPICON_NAME = AppIcon;
				ASSETCATALOG_COMPILER_GLOBAL_ACCENT_COLOR_NAME = AccentColor;
				ASSETCATALOG_COMPILER_INCLUDE_ALL_APPICON_ASSETS = YES;
				CODE_SIGN_ENTITLEMENTS = Phonics/Phonics.entitlements;
				CODE_SIGN_STYLE = Automatic;
				DEVELOPMENT_ASSET_PATHS = "";
				DEVELOPMENT_TEAM = XWH59XV43B;
				ENABLE_PREVIEWS = YES;
				GENERATE_INFOPLIST_FILE = YES;
				INFOPLIST_FILE = Phonics/Info.plist;
				INFOPLIST_KEY_LSApplicationCategoryType = "public.app-category.productivity";
				"INFOPLIST_KEY_UIApplicationSceneManifest_Generation[sdk=iphoneos*]" = YES;
				"INFOPLIST_KEY_UIApplicationSceneManifest_Generation[sdk=iphonesimulator*]" = YES;
				"INFOPLIST_KEY_UIApplicationSupportsIndirectInputEvents[sdk=iphoneos*]" = YES;
				"INFOPLIST_KEY_UIApplicationSupportsIndirectInputEvents[sdk=iphonesimulator*]" = YES;
				"INFOPLIST_KEY_UILaunchScreen_Generation[sdk=iphoneos*]" = YES;
				"INFOPLIST_KEY_UILaunchScreen_Generation[sdk=iphonesimulator*]" = YES;
				"INFOPLIST_KEY_UIStatusBarStyle[sdk=iphoneos*]" = UIStatusBarStyleDefault;
				"INFOPLIST_KEY_UIStatusBarStyle[sdk=iphonesimulator*]" = UIStatusBarStyleDefault;
				INFOPLIST_KEY_UISupportedInterfaceOrientations_iPad = "UIInterfaceOrientationPortrait UIInterfaceOrientationPortraitUpsideDown UIInterfaceOrientationLandscapeLeft UIInterfaceOrientationLandscapeRight";
				IPHONEOS_DEPLOYMENT_TARGET = 17.0;
				LD_RUNPATH_SEARCH_PATHS = "@executable_path/Frameworks";
				"LD_RUNPATH_SEARCH_PATHS[sdk=macosx*]" = "@executable_path/../Frameworks";
				MACOSX_DEPLOYMENT_TARGET = 14.0;
				MARKETING_VERSION = 0.1.3;
				PRODUCT_BUNDLE_IDENTIFIER = moe.neko03.Phonics;
				PRODUCT_NAME = "$(TARGET_NAME)";
				SDKROOT = auto;
				SUPPORTED_PLATFORMS = "iphoneos iphonesimulator macosx";
				SUPPORTS_MACCATALYST = NO;
				SWIFT_EMIT_LOC_STRINGS = YES;
				SWIFT_VERSION = 5.0;
				TARGETED_DEVICE_FAMILY = 2;
			};
			name = Debug;
		};
		3E5873AA2AF73AC6003C976A /* Release */ = {
			isa = XCBuildConfiguration;
			buildSettings = {
				ASSETCATALOG_COMPILER_APPICON_NAME = AppIcon;
				ASSETCATALOG_COMPILER_GLOBAL_ACCENT_COLOR_NAME = AccentColor;
				ASSETCATALOG_COMPILER_INCLUDE_ALL_APPICON_ASSETS = YES;
				CODE_SIGN_ENTITLEMENTS = Phonics/Phonics.entitlements;
				CODE_SIGN_STYLE = Automatic;
				DEVELOPMENT_ASSET_PATHS = "";
				DEVELOPMENT_TEAM = XWH59XV43B;
				ENABLE_PREVIEWS = YES;
				GENERATE_INFOPLIST_FILE = YES;
				INFOPLIST_FILE = Phonics/Info.plist;
				INFOPLIST_KEY_LSApplicationCategoryType = "public.app-category.productivity";
				"INFOPLIST_KEY_UIApplicationSceneManifest_Generation[sdk=iphoneos*]" = YES;
				"INFOPLIST_KEY_UIApplicationSceneManifest_Generation[sdk=iphonesimulator*]" = YES;
				"INFOPLIST_KEY_UIApplicationSupportsIndirectInputEvents[sdk=iphoneos*]" = YES;
				"INFOPLIST_KEY_UIApplicationSupportsIndirectInputEvents[sdk=iphonesimulator*]" = YES;
				"INFOPLIST_KEY_UILaunchScreen_Generation[sdk=iphoneos*]" = YES;
				"INFOPLIST_KEY_UILaunchScreen_Generation[sdk=iphonesimulator*]" = YES;
				"INFOPLIST_KEY_UIStatusBarStyle[sdk=iphoneos*]" = UIStatusBarStyleDefault;
				"INFOPLIST_KEY_UIStatusBarStyle[sdk=iphonesimulator*]" = UIStatusBarStyleDefault;
				INFOPLIST_KEY_UISupportedInterfaceOrientations_iPad = "UIInterfaceOrientationPortrait UIInterfaceOrientationPortraitUpsideDown UIInterfaceOrientationLandscapeLeft UIInterfaceOrientationLandscapeRight";
				IPHONEOS_DEPLOYMENT_TARGET = 17.0;
				LD_RUNPATH_SEARCH_PATHS = "@executable_path/Frameworks";
				"LD_RUNPATH_SEARCH_PATHS[sdk=macosx*]" = "@executable_path/../Frameworks";
				MACOSX_DEPLOYMENT_TARGET = 14.0;
				MARKETING_VERSION = 0.1.3;
				PRODUCT_BUNDLE_IDENTIFIER = moe.neko03.Phonics;
				PRODUCT_NAME = "$(TARGET_NAME)";
				SDKROOT = auto;
				SUPPORTED_PLATFORMS = "iphoneos iphonesimulator macosx";
				SUPPORTS_MACCATALYST = NO;
				SWIFT_EMIT_LOC_STRINGS = YES;
				SWIFT_VERSION = 5.0;
				TARGETED_DEVICE_FAMILY = 2;
			};
			name = Release;
		};
		3E5873AC2AF73AC6003C976A /* Debug */ = {
			isa = XCBuildConfiguration;
			buildSettings = {
				ALWAYS_EMBED_SWIFT_STANDARD_LIBRARIES = YES;
				BUNDLE_LOADER = "$(TEST_HOST)";
				CODE_SIGN_STYLE = Automatic;
				CURRENT_PROJECT_VERSION = 1;
				DEVELOPMENT_TEAM = XWH59XV43B;
				GENERATE_INFOPLIST_FILE = YES;
				IPHONEOS_DEPLOYMENT_TARGET = 17.0;
				MACOSX_DEPLOYMENT_TARGET = 14.0;
				MARKETING_VERSION = 1.0;
				PRODUCT_BUNDLE_IDENTIFIER = moe.neko03.PhonicsTests;
				PRODUCT_NAME = "$(TARGET_NAME)";
				SDKROOT = auto;
				SUPPORTED_PLATFORMS = "iphoneos iphonesimulator macosx";
				SUPPORTS_MACCATALYST = NO;
				SWIFT_EMIT_LOC_STRINGS = NO;
				SWIFT_VERSION = 5.0;
				TARGETED_DEVICE_FAMILY = 2;
				TEST_HOST = "$(BUILT_PRODUCTS_DIR)/Phonics.app/$(BUNDLE_EXECUTABLE_FOLDER_PATH)/Phonics";
			};
			name = Debug;
		};
		3E5873AD2AF73AC6003C976A /* Release */ = {
			isa = XCBuildConfiguration;
			buildSettings = {
				ALWAYS_EMBED_SWIFT_STANDARD_LIBRARIES = YES;
				BUNDLE_LOADER = "$(TEST_HOST)";
				CODE_SIGN_STYLE = Automatic;
				CURRENT_PROJECT_VERSION = 1;
				DEVELOPMENT_TEAM = XWH59XV43B;
				GENERATE_INFOPLIST_FILE = YES;
				IPHONEOS_DEPLOYMENT_TARGET = 17.0;
				MACOSX_DEPLOYMENT_TARGET = 14.0;
				MARKETING_VERSION = 1.0;
				PRODUCT_BUNDLE_IDENTIFIER = moe.neko03.PhonicsTests;
				PRODUCT_NAME = "$(TARGET_NAME)";
				SDKROOT = auto;
				SUPPORTED_PLATFORMS = "iphoneos iphonesimulator macosx";
				SUPPORTS_MACCATALYST = NO;
				SWIFT_EMIT_LOC_STRINGS = NO;
				SWIFT_VERSION = 5.0;
				TARGETED_DEVICE_FAMILY = 2;
				TEST_HOST = "$(BUILT_PRODUCTS_DIR)/Phonics.app/$(BUNDLE_EXECUTABLE_FOLDER_PATH)/Phonics";
			};
			name = Release;
		};
/* End XCBuildConfiguration section */

/* Begin XCConfigurationList section */
		3E58737E2AF73AC4003C976A /* Build configuration list for PBXProject "Phonics" */ = {
			isa = XCConfigurationList;
			buildConfigurations = (
				3E5873A62AF73AC6003C976A /* Debug */,
				3E5873A72AF73AC6003C976A /* Release */,
			);
			defaultConfigurationIsVisible = 0;
			defaultConfigurationName = Release;
		};
		3E5873A82AF73AC6003C976A /* Build configuration list for PBXNativeTarget "Phonics" */ = {
			isa = XCConfigurationList;
			buildConfigurations = (
				3E5873A92AF73AC6003C976A /* Debug */,
				3E5873AA2AF73AC6003C976A /* Release */,
			);
			defaultConfigurationIsVisible = 0;
			defaultConfigurationName = Release;
		};
		3E5873AB2AF73AC6003C976A /* Build configuration list for PBXNativeTarget "PhonicsTests" */ = {
			isa = XCConfigurationList;
			buildConfigurations = (
				3E5873AC2AF73AC6003C976A /* Debug */,
				3E5873AD2AF73AC6003C976A /* Release */,
			);
			defaultConfigurationIsVisible = 0;
			defaultConfigurationName = Release;
		};
/* End XCConfigurationList section */

/* Begin XCLocalSwiftPackageReference section */
		3EE4A5662AF94300002E4BF3 /* XCLocalSwiftPackageReference "../../Examples/ml-stable-diffusion" */ = {
			isa = XCLocalSwiftPackageReference;
			relativePath = "../../Examples/ml-stable-diffusion";
		};
/* End XCLocalSwiftPackageReference section */

/* Begin XCSwiftPackageProductDependency section */
		3EE4A5672AF94300002E4BF3 /* StableDiffusion */ = {
			isa = XCSwiftPackageProductDependency;
			productName = StableDiffusion;
		};
/* End XCSwiftPackageProductDependency section */
	};
	rootObject = 3E58737B2AF73AC4003C976A /* Project object */;
}
